
Microsoft Visual Studio Solution File, Format Version 12.00
# Visual Studio 15
VisualStudioVersion = 15.0.28307.168
MinimumVisualStudioVersion = 10.0.40219.1
Project("{FAE04EC0-301F-11D3-BF4B-00C04F79EFBC}") = "Web-API", "Web-API\Web-API.csproj", "{31A0E1E7-9725-4B5E-95F8-9E1488AB76F7}"
EndProject
Global
	GlobalSection(SolutionConfigurationPlatforms) = preSolution
		Debug|Any CPU = Debug|Any CPU
		Release|Any CPU = Release|Any CPU
	EndGlobalSection
	GlobalSection(ProjectConfigurationPlatforms) = postSolution
		{31A0E1E7-9725-4B5E-95F8-9E1488AB76F7}.Debug|Any CPU.ActiveCfg = Debug|Any CPU
		{31A0E1E7-9725-4B5E-95F8-9E1488AB76F7}.Debug|Any CPU.Build.0 = Debug|Any CPU
		{31A0E1E7-9725-4B5E-95F8-9E1488AB76F7}.Release|Any CPU.ActiveCfg = Release|Any CPU
		{31A0E1E7-9725-4B5E-95F8-9E1488AB76F7}.Release|Any CPU.Build.0 = Release|Any CPU
	EndGlobalSection
	GlobalSection(SolutionProperties) = preSolution
		HideSolutionNode = FALSE
	EndGlobalSection
	GlobalSection(ExtensibilityGlobals) = postSolution
		SolutionGuid = {DE0C523D-B6A6-4911-8019-56DD15568DE9}
	EndGlobalSection
EndGlobal
